
Microsoft Visual Studio Solution File, Format Version 12.00
# Visual Studio 14
VisualStudioVersion = 14.0.24720.0
MinimumVisualStudioVersion = 10.0.40219.1
Project("{FAE04EC0-301F-11D3-BF4B-00C04F79EFBC}") = "MVCExport", "MVCExport\MVCExport.csproj", "{7E232DEA-1A95-4E09-9F35-A2C26D45643D}"
EndProject
Project("{FAE04EC0-301F-11D3-BF4B-00C04F79EFBC}") = "MVCExport.Tests", "MVCExport.Tests\MVCExport.Tests.csproj", "{4704BC3E-9012-496A-9A4E-68D1A0879F4E}"
EndProject
Global
	GlobalSection(SolutionConfigurationPlatforms) = preSolution
		Debug|Any CPU = Debug|Any CPU
		Release|Any CPU = Release|Any CPU
	EndGlobalSection
	GlobalSection(ProjectConfigurationPlatforms) = postSolution
		{7E232DEA-1A95-4E09-9F35-A2C26D45643D}.Debug|Any CPU.ActiveCfg = Debug|Any CPU
		{7E232DEA-1A95-4E09-9F35-A2C26D45643D}.Debug|Any CPU.Build.0 = Debug|Any CPU
		{7E232DEA-1A95-4E09-9F35-A2C26D45643D}.Release|Any CPU.ActiveCfg = Release|Any CPU
		{7E232DEA-1A95-4E09-9F35-A2C26D45643D}.Release|Any CPU.Build.0 = Release|Any CPU
		{4704BC3E-9012-496A-9A4E-68D1A0879F4E}.Debug|Any CPU.ActiveCfg = Debug|Any CPU
		{4704BC3E-9012-496A-9A4E-68D1A0879F4E}.Debug|Any CPU.Build.0 = Debug|Any CPU
		{4704BC3E-9012-496A-9A4E-68D1A0879F4E}.Release|Any CPU.ActiveCfg = Release|Any CPU
		{4704BC3E-9012-496A-9A4E-68D1A0879F4E}.Release|Any CPU.Build.0 = Release|Any CPU
	EndGlobalSection
	GlobalSection(SolutionProperties) = preSolution
		HideSolutionNode = FALSE
	EndGlobalSection
EndGlobal
